
Microsoft Visual Studio Solution File, Format Version 12.00
# Visual Studio Version 16
VisualStudioVersion = 16.0.30621.155
MinimumVisualStudioVersion = 15.0.26124.0
Project("{9A19103F-16F7-4668-BE54-9A1E7A4F7556}") = "lacrosseDB", "lacrosseDB\lacrosseDB.csproj", "{3F2CAA5E-9162-4669-81AC-0E61F110F44D}"
EndProject
Project("{9A19103F-16F7-4668-BE54-9A1E7A4F7556}") = "lacrosseTest", "lacrosseTest\lacrosseTest.csproj", "{20EF058F-34A2-451C-8D5D-A1D21FA790D1}"
EndProject
Project("{9A19103F-16F7-4668-BE54-9A1E7A4F7556}") = "lacrosseLib", "lacrosseLib\lacrosseLib.csproj", "{127EB7FE-3448-494D-9C7E-346011D68415}"
EndProject
Project("{2150E333-8FDC-42A3-9474-1A3956D46DE8}") = "API", "API", "{CBC313FA-0B4D-4509-94EA-AE5BA057C90D}"
	ProjectSection(SolutionItems) = preProject
		.gitignore = .gitignore
	EndProjectSection
EndProject
Project("{9A19103F-16F7-4668-BE54-9A1E7A4F7556}") = "lacrosseAPI", "lacrosseAPI\lacrosseAPI.csproj", "{8826CB09-6474-4E8A-B7D9-035945659AF7}"
EndProject
Global
	GlobalSection(SolutionConfigurationPlatforms) = preSolution
		Debug|Any CPU = Debug|Any CPU
		Debug|x64 = Debug|x64
		Debug|x86 = Debug|x86
		Release|Any CPU = Release|Any CPU
		Release|x64 = Release|x64
		Release|x86 = Release|x86
	EndGlobalSection
	GlobalSection(ProjectConfigurationPlatforms) = postSolution
		{3F2CAA5E-9162-4669-81AC-0E61F110F44D}.Debug|Any CPU.ActiveCfg = Debug|Any CPU
		{3F2CAA5E-9162-4669-81AC-0E61F110F44D}.Debug|Any CPU.Build.0 = Debug|Any CPU
		{3F2CAA5E-9162-4669-81AC-0E61F110F44D}.Debug|x64.ActiveCfg = Debug|Any CPU
		{3F2CAA5E-9162-4669-81AC-0E61F110F44D}.Debug|x64.Build.0 = Debug|Any CPU
		{3F2CAA5E-9162-4669-81AC-0E61F110F44D}.Debug|x86.ActiveCfg = Debug|Any CPU
		{3F2CAA5E-9162-4669-81AC-0E61F110F44D}.Debug|x86.Build.0 = Debug|Any CPU
		{3F2CAA5E-9162-4669-81AC-0E61F110F44D}.Release|Any CPU.ActiveCfg = Release|Any CPU
		{3F2CAA5E-9162-4669-81AC-0E61F110F44D}.Release|Any CPU.Build.0 = Release|Any CPU
		{3F2CAA5E-9162-4669-81AC-0E61F110F44D}.Release|x64.ActiveCfg = Release|Any CPU
		{3F2CAA5E-9162-4669-81AC-0E61F110F44D}.Release|x64.Build.0 = Release|Any CPU
		{3F2CAA5E-9162-4669-81AC-0E61F110F44D}.Release|x86.ActiveCfg = Release|Any CPU
		{3F2CAA5E-9162-4669-81AC-0E61F110F44D}.Release|x86.Build.0 = Release|Any CPU
		{20EF058F-34A2-451C-8D5D-A1D21FA790D1}.Debug|Any CPU.ActiveCfg = Debug|Any CPU
		{20EF058F-34A2-451C-8D5D-A1D21FA790D1}.Debug|Any CPU.Build.0 = Debug|Any CPU
		{20EF058F-34A2-451C-8D5D-A1D21FA790D1}.Debug|x64.ActiveCfg = Debug|Any CPU
		{20EF058F-34A2-451C-8D5D-A1D21FA790D1}.Debug|x64.Build.0 = Debug|Any CPU
		{20EF058F-34A2-451C-8D5D-A1D21FA790D1}.Debug|x86.ActiveCfg = Debug|Any CPU
		{20EF058F-34A2-451C-8D5D-A1D21FA790D1}.Debug|x86.Build.0 = Debug|Any CPU
		{20EF058F-34A2-451C-8D5D-A1D21FA790D1}.Release|Any CPU.ActiveCfg = Release|Any CPU
		{20EF058F-34A2-451C-8D5D-A1D21FA790D1}.Release|Any CPU.Build.0 = Release|Any CPU
		{20EF058F-34A2-451C-8D5D-A1D21FA790D1}.Release|x64.ActiveCfg = Release|Any CPU
		{20EF058F-34A2-451C-8D5D-A1D21FA790D1}.Release|x64.Build.0 = Release|Any CPU
		{20EF058F-34A2-451C-8D5D-A1D21FA790D1}.Release|x86.ActiveCfg = Release|Any CPU
		{20EF058F-34A2-451C-8D5D-A1D21FA790D1}.Release|x86.Build.0 = Release|Any CPU
		{127EB7FE-3448-494D-9C7E-346011D68415}.Debug|Any CPU.ActiveCfg = Debug|Any CPU
		{127EB7FE-3448-494D-9C7E-346011D68415}.Debug|Any CPU.Build.0 = Debug|Any CPU
		{127EB7FE-3448-494D-9C7E-346011D68415}.Debug|x64.ActiveCfg = Debug|Any CPU
		{127EB7FE-3448-494D-9C7E-346011D68415}.Debug|x64.Build.0 = Debug|Any CPU
		{127EB7FE-3448-494D-9C7E-346011D68415}.Debug|x86.ActiveCfg = Debug|Any CPU
		{127EB7FE-3448-494D-9C7E-346011D68415}.Debug|x86.Build.0 = Debug|Any CPU
		{127EB7FE-3448-494D-9C7E-346011D68415}.Release|Any CPU.ActiveCfg = Release|Any CPU
		{127EB7FE-3448-494D-9C7E-346011D68415}.Release|Any CPU.Build.0 = Release|Any CPU
		{127EB7FE-3448-494D-9C7E-346011D68415}.Release|x64.ActiveCfg = Release|Any CPU
		{127EB7FE-3448-494D-9C7E-346011D68415}.Release|x64.Build.0 = Release|Any CPU
		{127EB7FE-3448-494D-9C7E-346011D68415}.Release|x86.ActiveCfg = Release|Any CPU
		{127EB7FE-3448-494D-9C7E-346011D68415}.Release|x86.Build.0 = Release|Any CPU
		{8826CB09-6474-4E8A-B7D9-035945659AF7}.Debug|Any CPU.ActiveCfg = Debug|Any CPU
		{8826CB09-6474-4E8A-B7D9-035945659AF7}.Debug|Any CPU.Build.0 = Debug|Any CPU
		{8826CB09-6474-4E8A-B7D9-035945659AF7}.Debug|x64.ActiveCfg = Debug|Any CPU
		{8826CB09-6474-4E8A-B7D9-035945659AF7}.Debug|x64.Build.0 = Debug|Any CPU
		{8826CB09-6474-4E8A-B7D9-035945659AF7}.Debug|x86.ActiveCfg = Debug|Any CPU
		{8826CB09-6474-4E8A-B7D9-035945659AF7}.Debug|x86.Build.0 = Debug|Any CPU
		{8826CB09-6474-4E8A-B7D9-035945659AF7}.Release|Any CPU.ActiveCfg = Release|Any CPU
		{8826CB09-6474-4E8A-B7D9-035945659AF7}.Release|Any CPU.Build.0 = Release|Any CPU
		{8826CB09-6474-4E8A-B7D9-035945659AF7}.Release|x64.ActiveCfg = Release|Any CPU
		{8826CB09-6474-4E8A-B7D9-035945659AF7}.Release|x64.Build.0 = Release|Any CPU
		{8826CB09-6474-4E8A-B7D9-035945659AF7}.Release|x86.ActiveCfg = Release|Any CPU
		{8826CB09-6474-4E8A-B7D9-035945659AF7}.Release|x86.Build.0 = Release|Any CPU
	EndGlobalSection
	GlobalSection(SolutionProperties) = preSolution
		HideSolutionNode = FALSE
	EndGlobalSection
	GlobalSection(NestedProjects) = preSolution
		{3F2CAA5E-9162-4669-81AC-0E61F110F44D} = {CBC313FA-0B4D-4509-94EA-AE5BA057C90D}
		{20EF058F-34A2-451C-8D5D-A1D21FA790D1} = {CBC313FA-0B4D-4509-94EA-AE5BA057C90D}
		{127EB7FE-3448-494D-9C7E-346011D68415} = {CBC313FA-0B4D-4509-94EA-AE5BA057C90D}
		{8826CB09-6474-4E8A-B7D9-035945659AF7} = {CBC313FA-0B4D-4509-94EA-AE5BA057C90D}
	EndGlobalSection
	GlobalSection(ExtensibilityGlobals) = postSolution
		SolutionGuid = {8BF30ECB-77BE-4ED2-8F1F-DE79FBE24EC3}
	EndGlobalSection
EndGlobal
